{
  "name": "backend",
  "lockfileVersion": 2,
  "requires": true,
  "packages": {
    "": {
      "dependencies": {
        "@sanity/cli": "^2.35.0"
      }
    },
    "node_modules/@sanity/cli": {
      "version": "2.35.0",
      "resolved": "https://registry.npmjs.org/@sanity/cli/-/cli-2.35.0.tgz",
      "integrity": "sha512-btMoU2W5PrvQL0J4RpA7tvZlo+27fY/aekU4SOa5DWV7nlUc7lMxljCbWdhkX7cQxR1wY/uKcgZeMPX+BPwaWg==",
      "bin": {
        "sanity": "bin/sanity"
      },
      "engines": {
        "node": ">=12.0.0"
      }
    }
  },
  "dependencies": {
    "@sanity/cli": {
      "version": "2.35.0",
      "resolved": "https://registry.npmjs.org/@sanity/cli/-/cli-2.35.0.tgz",
      "integrity": "sha512-btMoU2W5PrvQL0J4RpA7tvZlo+27fY/aekU4SOa5DWV7nlUc7lMxljCbWdhkX7cQxR1wY/uKcgZeMPX+BPwaWg=="
    }
  }
}
